
Microsoft Visual Studio Solution File, Format Version 12.00
Project("{FAE04EC0-301F-11D3-BF4B-00C04F79EFBC}") = "HallOfFame", "HallOfFame\HallOfFame.csproj", "{96808A44-899A-4432-9C79-15C0BEFB4796}"
EndProject
Global
	GlobalSection(SolutionConfigurationPlatforms) = preSolution
		Debug|Any CPU = Debug|Any CPU
		Release|Any CPU = Release|Any CPU
	EndGlobalSection
	GlobalSection(ProjectConfigurationPlatforms) = postSolution
		{96808A44-899A-4432-9C79-15C0BEFB4796}.Debug|Any CPU.ActiveCfg = Debug|Any CPU
		{96808A44-899A-4432-9C79-15C0BEFB4796}.Debug|Any CPU.Build.0 = Debug|Any CPU
		{96808A44-899A-4432-9C79-15C0BEFB4796}.Release|Any CPU.ActiveCfg = Release|Any CPU
		{96808A44-899A-4432-9C79-15C0BEFB4796}.Release|Any CPU.Build.0 = Release|Any CPU
	EndGlobalSection
EndGlobal
